
Microsoft Visual Studio Solution File, Format Version 12.00
# Visual Studio Version 17
VisualStudioVersion = 17.11.35327.3
MinimumVisualStudioVersion = 10.0.40219.1
Project("{FAE04EC0-301F-11D3-BF4B-00C04F79EFBC}") = "DZ", "DZ\DZ.csproj", "{987D957B-2787-4E57-AAB9-4C86631B0C87}"
EndProject
Project("{FAE04EC0-301F-11D3-BF4B-00C04F79EFBC}") = "Tumakov_DZ", "Tumakov_DZ\Tumakov_DZ.csproj", "{6D42568D-EE11-4469-8779-BA57ABBD9CDD}"
EndProject
Global
	GlobalSection(SolutionConfigurationPlatforms) = preSolution
		Debug|Any CPU = Debug|Any CPU
		Release|Any CPU = Release|Any CPU
	EndGlobalSection
	GlobalSection(ProjectConfigurationPlatforms) = postSolution
		{987D957B-2787-4E57-AAB9-4C86631B0C87}.Debug|Any CPU.ActiveCfg = Debug|Any CPU
		{987D957B-2787-4E57-AAB9-4C86631B0C87}.Debug|Any CPU.Build.0 = Debug|Any CPU
		{987D957B-2787-4E57-AAB9-4C86631B0C87}.Release|Any CPU.ActiveCfg = Release|Any CPU
		{987D957B-2787-4E57-AAB9-4C86631B0C87}.Release|Any CPU.Build.0 = Release|Any CPU
		{6D42568D-EE11-4469-8779-BA57ABBD9CDD}.Debug|Any CPU.ActiveCfg = Debug|Any CPU
		{6D42568D-EE11-4469-8779-BA57ABBD9CDD}.Debug|Any CPU.Build.0 = Debug|Any CPU
		{6D42568D-EE11-4469-8779-BA57ABBD9CDD}.Release|Any CPU.ActiveCfg = Release|Any CPU
		{6D42568D-EE11-4469-8779-BA57ABBD9CDD}.Release|Any CPU.Build.0 = Release|Any CPU
	EndGlobalSection
	GlobalSection(SolutionProperties) = preSolution
		HideSolutionNode = FALSE
	EndGlobalSection
	GlobalSection(ExtensibilityGlobals) = postSolution
		SolutionGuid = {55FBB171-5B5D-4B46-B824-04A61E819BCF}
	EndGlobalSection
EndGlobal
